
Microsoft Visual Studio Solution File, Format Version 12.00
# Visual Studio 15
VisualStudioVersion = 15.0.26730.3
MinimumVisualStudioVersion = 10.0.40219.1
Project("{FAE04EC0-301F-11D3-BF4B-00C04F79EFBC}") = "CSassignment7", "CSassignment7\CSassignment7.csproj", "{EA14852D-456C-4239-87BD-CEA1CC914439}"
EndProject
Global
	GlobalSection(SolutionConfigurationPlatforms) = preSolution
		Debug|Any CPU = Debug|Any CPU
		Release|Any CPU = Release|Any CPU
	EndGlobalSection
	GlobalSection(ProjectConfigurationPlatforms) = postSolution
		{EA14852D-456C-4239-87BD-CEA1CC914439}.Debug|Any CPU.ActiveCfg = Debug|Any CPU
		{EA14852D-456C-4239-87BD-CEA1CC914439}.Debug|Any CPU.Build.0 = Debug|Any CPU
		{EA14852D-456C-4239-87BD-CEA1CC914439}.Release|Any CPU.ActiveCfg = Release|Any CPU
		{EA14852D-456C-4239-87BD-CEA1CC914439}.Release|Any CPU.Build.0 = Release|Any CPU
	EndGlobalSection
	GlobalSection(SolutionProperties) = preSolution
		HideSolutionNode = FALSE
	EndGlobalSection
	GlobalSection(ExtensibilityGlobals) = postSolution
		SolutionGuid = {10656E9B-0AB1-4090-8777-8DFBA8A49BF8}
	EndGlobalSection
EndGlobal
